// !$*UTF8*$!
{
	archiveVersion = 1;
	classes = {
	};
	objectVersion = 46;
	objects = {

/* Begin PBXBuildFile section */
		180C30021BF0834D0041F2F0 /* AppDelegate.swift in Sources */ = {isa = PBXBuildFile; fileRef = 180C30011BF0834D0041F2F0 /* AppDelegate.swift */; };
		180C30041BF0834D0041F2F0 /* ViewController.swift in Sources */ = {isa = PBXBuildFile; fileRef = 180C30031BF0834D0041F2F0 /* ViewController.swift */; };
		180C30071BF0834D0041F2F0 /* Main.storyboard in Resources */ = {isa = PBXBuildFile; fileRef = 180C30051BF0834D0041F2F0 /* Main.storyboard */; };
		180C30091BF0834D0041F2F0 /* Assets.xcassets in Resources */ = {isa = PBXBuildFile; fileRef = 180C30081BF0834D0041F2F0 /* Assets.xcassets */; };
		180C300C1BF0834D0041F2F0 /* LaunchScreen.storyboard in Resources */ = {isa = PBXBuildFile; fileRef = 180C300A1BF0834D0041F2F0 /* LaunchScreen.storyboard */; };
		180C30171BF0834E0041F2F0 /* FloatBottomButtonUITests.swift in Sources */ = {isa = PBXBuildFile; fileRef = 180C30161BF0834E0041F2F0 /* FloatBottomButtonUITests.swift */; };
		18FE5D931BF0AAEE0049E493 /* MZFloatButton.swift in Sources */ = {isa = PBXBuildFile; fileRef = 18FE5D921BF0AAEE0049E493 /* MZFloatButton.swift */; };
/* End PBXBuildFile section */

/* Begin PBXContainerItemProxy section */
		180C30131BF0834E0041F2F0 /* PBXContainerItemProxy */ = {
			isa = PBXContainerItemProxy;
			containerPortal = 180C2FF61BF0834D0041F2F0 /* Project object */;
			proxyType = 1;
			remoteGlobalIDString = 180C2FFD1BF0834D0041F2F0;
			remoteInfo = FloatBottomButton;
		};
/* End PBXContainerItemProxy section */

/* Begin PBXFileReference section */
		180C2FFE1BF0834D0041F2F0 /* FloatBottomButton.app */ = {isa = PBXFileReference; explicitFileType = wrapper.application; includeInIndex = 0; path = FloatBottomButton.app; sourceTree = BUILT_PRODUCTS_DIR; };
		180C30011BF0834D0041F2F0 /* AppDelegate.swift */ = {isa = PBXFileReference; lastKnownFileType = sourcecode.swift; path = AppDelegate.swift; sourceTree = "<group>"; };
		180C30031BF0834D0041F2F0 /* ViewController.swift */ = {isa = PBXFileReference; lastKnownFileType = sourcecode.swift; path = ViewController.swift; sourceTree = "<group>"; };
		180C30061BF0834D0041F2F0 /* Base */ = {isa = PBXFileReference; lastKnownFileType = file.storyboard; name = Base; path = Base.lproj/Main.storyboard; sourceTree = "<group>"; };
		180C30081BF0834D0041F2F0 /* Assets.xcassets */ = {isa = PBXFileReference; lastKnownFileType = folder.assetcatalog; path = Assets.xcassets; sourceTree = "<group>"; };
		180C300B1BF0834D0041F2F0 /* Base */ = {isa = PBXFileReference; lastKnownFileType = file.storyboard; name = Base; path = Base.lproj/LaunchScreen.storyboard; sourceTree = "<group>"; };
		180C300D1BF0834D0041F2F0 /* Info.plist */ = {isa = PBXFileReference; lastKnownFileType = text.plist.xml; path = Info.plist; sourceTree = "<group>"; };
		180C30121BF0834E0041F2F0 /* FloatBottomButtonUITests.xctest */ = {isa = PBXFileReference; explicitFileType = wrapper.cfbundle; includeInIndex = 0; path = FloatBottomButtonUITests.xctest; sourceTree = BUILT_PRODUCTS_DIR; };
		180C30161BF0834E0041F2F0 /* FloatBottomButtonUITests.swift */ = {isa = PBXFileReference; lastKnownFileType = sourcecode.swift; path = FloatBottomButtonUITests.swift; sourceTree = "<group>"; };
		180C30181BF0834E0041F2F0 /* Info.plist */ = {isa = PBXFileReference; lastKnownFileType = text.plist.xml; path = Info.plist; sourceTree = "<group>"; };
		18FE5D921BF0AAEE0049E493 /* MZFloatButton.swift */ = {isa = PBXFileReference; fileEncoding = 4; lastKnownFileType = sourcecode.swift; path = MZFloatButton.swift; sourceTree = "<group>"; };
/* End PBXFileReference section */

/* Begin PBXFrameworksBuildPhase section */
		180C2FFB1BF0834D0041F2F0 /* Frameworks */ = {
			isa = PBXFrameworksBuildPhase;
			buildActionMask = 2147483647;
			files = (
			);
			runOnlyForDeploymentPostprocessing = 0;
		};
		180C300F1BF0834E0041F2F0 /* Frameworks */ = {
			isa = PBXFrameworksBuildPhase;
			buildActionMask = 2147483647;
			files = (
			);
			runOnlyForDeploymentPostprocessing = 0;
		};
/* End PBXFrameworksBuildPhase section */

/* Begin PBXGroup section */
		180C2FF51BF0834D0041F2F0 = {
			isa = PBXGroup;
			children = (
				180C30001BF0834D0041F2F0 /* FloatBottomButton */,
				180C30151BF0834E0041F2F0 /* FloatBottomButtonUITests */,
				180C2FFF1BF0834D0041F2F0 /* Products */,
			);
			sourceTree = "<group>";
		};
		180C2FFF1BF0834D0041F2F0 /* Products */ = {
			isa = PBXGroup;
			children = (
				180C2FFE1BF0834D0041F2F0 /* FloatBottomButton.app */,
				180C30121BF0834E0041F2F0 /* FloatBottomButtonUITests.xctest */,
			);
			name = Products;
			sourceTree = "<group>";
		};
		180C30001BF0834D0041F2F0 /* FloatBottomButton */ = {
			isa = PBXGroup;
			children = (
				180C30011BF0834D0041F2F0 /* AppDelegate.swift */,
				180C30031BF0834D0041F2F0 /* ViewController.swift */,
				180C30051BF0834D0041F2F0 /* Main.storyboard */,
				18FE5D921BF0AAEE0049E493 /* MZFloatButton.swift */,
				180C30081BF0834D0041F2F0 /* Assets.xcassets */,
				180C300A1BF0834D0041F2F0 /* LaunchScreen.storyboard */,
				180C300D1BF0834D0041F2F0 /* Info.plist */,
			);
			path = FloatBottomButton;
			sourceTree = "<group>";
		};
		180C30151BF0834E0041F2F0 /* FloatBottomButtonUITests */ = {
			isa = PBXGroup;
			children = (
				180C30161BF0834E0041F2F0 /* FloatBottomButtonUITests.swift */,
				180C30181BF0834E0041F2F0 /* Info.plist */,
			);
			path = FloatBottomButtonUITests;
			sourceTree = "<group>";
		};
/* End PBXGroup section */

/* Begin PBXNativeTarget section */
		180C2FFD1BF0834D0041F2F0 /* FloatBottomButton */ = {
			isa = PBXNativeTarget;
			buildConfigurationList = 180C301B1BF0834E0041F2F0 /* Build configuration list for PBXNativeTarget "FloatBottomButton" */;
			buildPhases = (
				180C2FFA1BF0834D0041F2F0 /* Sources */,
				180C2FFB1BF0834D0041F2F0 /* Frameworks */,
				180C2FFC1BF0834D0041F2F0 /* Resources */,
			);
			buildRules = (
			);
			dependencies = (
			);
			name = FloatBottomButton;
			productName = FloatBottomButton;
			productReference = 180C2FFE1BF0834D0041F2F0 /* FloatBottomButton.app */;
			productType = "com.apple.product-type.application";
		};
		180C30111BF0834E0041F2F0 /* FloatBottomButtonUITests */ = {
			isa = PBXNativeTarget;
			buildConfigurationList = 180C301E1BF0834E0041F2F0 /* Build configuration list for PBXNativeTarget "FloatBottomButtonUITests" */;
			buildPhases = (
				180C300E1BF0834E0041F2F0 /* Sources */,
				180C300F1BF0834E0041F2F0 /* Frameworks */,
				180C30101BF0834E0041F2F0 /* Resources */,
			);
			buildRules = (
			);
			dependencies = (
				180C30141BF0834E0041F2F0 /* PBXTargetDependency */,
			);
			name = FloatBottomButtonUITests;
			productName = FloatBottomButtonUITests;
			productReference = 180C30121BF0834E0041F2F0 /* FloatBottomButtonUITests.xctest */;
			productType = "com.apple.product-type.bundle.ui-testing";
		};
/* End PBXNativeTarget section */

/* Begin PBXProject section */
		180C2FF61BF0834D0041F2F0 /* Project object */ = {
			isa = PBXProject;
			attributes = {
				LastSwiftUpdateCheck = 0720;
				LastUpgradeCheck = 0720;
				ORGANIZATIONNAME = Monzy;
				TargetAttributes = {
					180C2FFD1BF0834D0041F2F0 = {
						CreatedOnToolsVersion = 7.2;
						DevelopmentTeam = V2NY8R3LME;
					};
					180C30111BF0834E0041F2F0 = {
						CreatedOnToolsVersion = 7.2;
						DevelopmentTeam = V2NY8R3LME;
						TestTargetID = 180C2FFD1BF0834D0041F2F0;
					};
				};
			};
			buildConfigurationList = 180C2FF91BF0834D0041F2F0 /* Build configuration list for PBXProject "FloatBottomButton" */;
			compatibilityVersion = "Xcode 3.2";
			developmentRegion = English;
			hasScannedForEncodings = 0;
			knownRegions = (
				en,
				Base,
			);
			mainGroup = 180C2FF51BF0834D0041F2F0;
			productRefGroup = 180C2FFF1BF0834D0041F2F0 /* Products */;
			projectDirPath = "";
			projectRoot = "";
			targets = (
				180C2FFD1BF0834D0041F2F0 /* FloatBottomButton */,
				180C30111BF0834E0041F2F0 /* FloatBottomButtonUITests */,
			);
		};
/* End PBXProject section */

/* Begin PBXResourcesBuildPhase section */
		180C2FFC1BF0834D0041F2F0 /* Resources */ = {
			isa = PBXResourcesBuildPhase;
			buildActionMask = 2147483647;
			files = (
				180C300C1BF0834D0041F2F0 /* LaunchScreen.storyboard in Resources */,
				180C30091BF0834D0041F2F0 /* Assets.xcassets in Resources */,
				180C30071BF0834D0041F2F0 /* Main.storyboard in Resources */,
			);
			runOnlyForDeploymentPostprocessing = 0;
		};
		180C30101BF0834E0041F2F0 /* Resources */ = {
			isa = PBXResourcesBuildPhase;
			buildActionMask = 2147483647;
			files = (
			);
			runOnlyForDeploymentPostprocessing = 0;
		};
/* End PBXResourcesBuildPhase section */

/* Begin PBXSourcesBuildPhase section */
		180C2FFA1BF0834D0041F2F0 /* Sources */ = {
			isa = PBXSourcesBuildPhase;
			buildActionMask = 2147483647;
			files = (
				180C30041BF0834D0041F2F0 /* ViewController.swift in Sources */,
				180C30021BF0834D0041F2F0 /* AppDelegate.swift in Sources */,
				18FE5D931BF0AAEE0049E493 /* MZFloatButton.swift in Sources */,
			);
			runOnlyForDeploymentPostprocessing = 0;
		};
		180C300E1BF0834E0041F2F0 /* Sources */ = {
			isa = PBXSourcesBuildPhase;
			buildActionMask = 2147483647;
			files = (
				180C30171BF0834E0041F2F0 /* FloatBottomButtonUITests.swift in Sources */,
			);
			runOnlyForDeploymentPostprocessing = 0;
		};
/* End PBXSourcesBuildPhase section */

/* Begin PBXTargetDependency section */
		180C30141BF0834E0041F2F0 /* PBXTargetDependency */ = {
			isa = PBXTargetDependency;
			target = 180C2FFD1BF0834D0041F2F0 /* FloatBottomButton */;
			targetProxy = 180C30131BF0834E0041F2F0 /* PBXContainerItemProxy */;
		};
/* End PBXTargetDependency section */

/* Begin PBXVariantGroup section */
		180C30051BF0834D0041F2F0 /* Main.storyboard */ = {
			isa = PBXVariantGroup;
			children = (
				180C30061BF0834D0041F2F0 /* Base */,
			);
			name = Main.storyboard;
			sourceTree = "<group>";
		};
		180C300A1BF0834D0041F2F0 /* LaunchScreen.storyboard */ = {
			isa = PBXVariantGroup;
			children = (
				180C300B1BF0834D0041F2F0 /* Base */,
			);
			name = LaunchScreen.storyboard;
			sourceTree = "<group>";
		};
/* End PBXVariantGroup section */

/* Begin XCBuildConfiguration section */
		180C30191BF0834E0041F2F0 /* Debug */ = {
			isa = XCBuildConfiguration;
			buildSettings = {
				ALWAYS_SEARCH_USER_PATHS = NO;
				CLANG_CXX_LANGUAGE_STANDARD = "gnu++0x";
				CLANG_CXX_LIBRARY = "libc++";
				CLANG_ENABLE_MODULES = YES;
				CLANG_ENABLE_OBJC_ARC = YES;
				CLANG_WARN_BOOL_CONVERSION = YES;
				CLANG_WARN_CONSTANT_CONVERSION = YES;
				CLANG_WARN_DIRECT_OBJC_ISA_USAGE = YES_ERROR;
				CLANG_WARN_EMPTY_BODY = YES;
				CLANG_WARN_ENUM_CONVERSION = YES;
				CLANG_WARN_INT_CONVERSION = YES;
				CLANG_WARN_OBJC_ROOT_CLASS = YES_ERROR;
				CLANG_WARN_UNREACHABLE_CODE = YES;
				CLANG_WARN__DUPLICATE_METHOD_MATCH = YES;
				"CODE_SIGN_IDENTITY[sdk=iphoneos*]" = "iPhone Developer";
				COPY_PHASE_STRIP = NO;
				DEBUG_INFORMATION_FORMAT = dwarf;
				ENABLE_STRICT_OBJC_MSGSEND = YES;
				ENABLE_TESTABILITY = YES;
				GCC_C_LANGUAGE_STANDARD = gnu99;
				GCC_DYNAMIC_NO_PIC = NO;
				GCC_NO_COMMON_BLOCKS = YES;
				GCC_OPTIMIZATION_LEVEL = 0;
				GCC_PREPROCESSOR_DEFINITIONS = (
					"DEBUG=1",
					"$(inherited)",
				);
				GCC_WARN_64_TO_32_BIT_CONVERSION = YES;
				GCC_WARN_ABOUT_RETURN_TYPE = YES_ERROR;
				GCC_WARN_UNDECLARED_SELECTOR = YES;
				GCC_WARN_UNINITIALIZED_AUTOS = YES_AGGRESSIVE;
				GCC_WARN_UNUSED_FUNCTION = YES;
				GCC_WARN_UNUSED_VARIABLE = YES;
				IPHONEOS_DEPLOYMENT_TARGET = 9.2;
				MTL_ENABLE_DEBUG_INFO = YES;
				ONLY_ACTIVE_ARCH = YES;
				SDKROOT = iphoneos;
				SWIFT_OPTIMIZATION_LEVEL = "-Onone";
			};
			name = Debug;
		};
		180C301A1BF0834E0041F2F0 /* Release */ = {
			isa = XCBuildConfiguration;
			buildSettings = {
				ALWAYS_SEARCH_USER_PATHS = NO;
				CLANG_CXX_LANGUAGE_STANDARD = "gnu++0x";
				CLANG_CXX_LIBRARY = "libc++";
				CLANG_ENABLE_MODULES = YES;
				CLANG_ENABLE_OBJC_ARC = YES;
				CLANG_WARN_BOOL_CONVERSION = YES;
				CLANG_WARN_CONSTANT_CONVERSION = YES;
				CLANG_WARN_DIRECT_OBJC_ISA_USAGE = YES_ERROR;
				CLANG_WARN_EMPTY_BODY = YES;
				CLANG_WARN_ENUM_CONVERSION = YES;
				CLANG_WARN_INT_CONVERSION = YES;
				CLANG_WARN_OBJC_ROOT_CLASS = YES_ERROR;
				CLANG_WARN_UNREACHABLE_CODE = YES;
				CLANG_WARN__DUPLICATE_METHOD_MATCH = YES;
				"CODE_SIGN_IDENTITY[sdk=iphoneos*]" = "iPhone Developer";
				COPY_PHASE_STRIP = NO;
				DEBUG_INFORMATION_FORMAT = "dwarf-with-dsym";
				ENABLE_NS_ASSERTIONS = NO;
				ENABLE_STRICT_OBJC_MSGSEND = YES;
				GCC_C_LANGUAGE_STANDARD = gnu99;
				GCC_NO_COMMON_BLOCKS = YES;
				GCC_WARN_64_TO_32_BIT_CONVERSION = YES;
				GCC_WARN_ABOUT_RETURN_TYPE = YES_ERROR;
				GCC_WARN_UNDECLARED_SELECTOR = YES;
				GCC_WARN_UNINITIALIZED_AUTOS = YES_AGGRESSIVE;
				GCC_WARN_UNUSED_FUNCTION = YES;
				GCC_WARN_UNUSED_VARIABLE = YES;
				IPHONEOS_DEPLOYMENT_TARGET = 9.2;
				MTL_ENABLE_DEBUG_INFO = NO;
				SDKROOT = iphoneos;
				VALIDATE_PRODUCT = YES;
			};
			name = Release;
		};
		180C301C1BF0834E0041F2F0 /* Debug */ = {
			isa = XCBuildConfiguration;
			buildSettings = {
				ASSETCATALOG_COMPILER_APPICON_NAME = AppIcon;
				INFOPLIST_FILE = FloatBottomButton/Info.plist;
				LD_RUNPATH_SEARCH_PATHS = "$(inherited) @executable_path/Frameworks";
				PRODUCT_BUNDLE_IDENTIFIER = com.Monzy.Zhang.FloatBottomButton;
				PRODUCT_NAME = "$(TARGET_NAME)";
			};
			name = Debug;
		};
		180C301D1BF0834E0041F2F0 /* Release */ = {
			isa = XCBuildConfiguration;
			buildSettings = {
				ASSETCATALOG_COMPILER_APPICON_NAME = AppIcon;
				INFOPLIST_FILE = FloatBottomButton/Info.plist;
				LD_RUNPATH_SEARCH_PATHS = "$(inherited) @executable_path/Frameworks";
				PRODUCT_BUNDLE_IDENTIFIER = com.Monzy.Zhang.FloatBottomButton;
				PRODUCT_NAME = "$(TARGET_NAME)";
			};
			name = Release;
		};
		180C301F1BF0834E0041F2F0 /* Debug */ = {
			isa = XCBuildConfiguration;
			buildSettings = {
				INFOPLIST_FILE = FloatBottomButtonUITests/Info.plist;
				LD_RUNPATH_SEARCH_PATHS = "$(inherited) @executable_path/Frameworks @loader_path/Frameworks";
				PRODUCT_BUNDLE_IDENTIFIER = com.Monzy.Zhang.FloatBottomButtonUITests;
				PRODUCT_NAME = "$(TARGET_NAME)";
				TEST_TARGET_NAME = FloatBottomButton;
				USES_XCTRUNNER = YES;
			};
			name = Debug;
		};
		180C30201BF0834E0041F2F0 /* Release */ = {
			isa = XCBuildConfiguration;
			buildSettings = {
				INFOPLIST_FILE = FloatBottomButtonUITests/Info.plist;
				LD_RUNPATH_SEARCH_PATHS = "$(inherited) @executable_path/Frameworks @loader_path/Frameworks";
				PRODUCT_BUNDLE_IDENTIFIER = com.Monzy.Zhang.FloatBottomButtonUITests;
				PRODUCT_NAME = "$(TARGET_NAME)";
				TEST_TARGET_NAME = FloatBottomButton;
				USES_XCTRUNNER = YES;
			};
			name = Release;
		};
/* End XCBuildConfiguration section */

/* Begin XCConfigurationList section */
		180C2FF91BF0834D0041F2F0 /* Build configuration list for PBXProject "FloatBottomButton" */ = {
			isa = XCConfigurationList;
			buildConfigurations = (
				180C30191BF0834E0041F2F0 /* Debug */,
				180C301A1BF0834E0041F2F0 /* Release */,
			);
			defaultConfigurationIsVisible = 0;
			defaultConfigurationName = Release;
		};
		180C301B1BF0834E0041F2F0 /* Build configuration list for PBXNativeTarget "FloatBottomButton" */ = {
			isa = XCConfigurationList;
			buildConfigurations = (
				180C301C1BF0834E0041F2F0 /* Debug */,
				180C301D1BF0834E0041F2F0 /* Release */,
			);
			defaultConfigurationIsVisible = 0;
			defaultConfigurationName = Release;
		};
		180C301E1BF0834E0041F2F0 /* Build configuration list for PBXNativeTarget "FloatBottomButtonUITests" */ = {
			isa = XCConfigurationList;
			buildConfigurations = (
				180C301F1BF0834E0041F2F0 /* Debug */,
				180C30201BF0834E0041F2F0 /* Release */,
			);
			defaultConfigurationIsVisible = 0;
			defaultConfigurationName = Release;
		};
/* End XCConfigurationList section */
	};
	rootObject = 180C2FF61BF0834D0041F2F0 /* Project object */;
}
